
Microsoft Visual Studio Solution File, Format Version 12.00
# Visual Studio 15
VisualStudioVersion = 15.0.28307.1622
MinimumVisualStudioVersion = 10.0.40219.1
Project("{FAE04EC0-301F-11D3-BF4B-00C04F79EFBC}") = "Calculo_imc", "Calculo_imc\Calculo_imc.csproj", "{0EBF5F85-219D-49CC-B9C5-8C3DF1DCE3E8}"
EndProject
Global
	GlobalSection(SolutionConfigurationPlatforms) = preSolution
		Debug|Any CPU = Debug|Any CPU
		Release|Any CPU = Release|Any CPU
	EndGlobalSection
	GlobalSection(ProjectConfigurationPlatforms) = postSolution
		{0EBF5F85-219D-49CC-B9C5-8C3DF1DCE3E8}.Debug|Any CPU.ActiveCfg = Debug|Any CPU
		{0EBF5F85-219D-49CC-B9C5-8C3DF1DCE3E8}.Debug|Any CPU.Build.0 = Debug|Any CPU
		{0EBF5F85-219D-49CC-B9C5-8C3DF1DCE3E8}.Release|Any CPU.ActiveCfg = Release|Any CPU
		{0EBF5F85-219D-49CC-B9C5-8C3DF1DCE3E8}.Release|Any CPU.Build.0 = Release|Any CPU
	EndGlobalSection
	GlobalSection(SolutionProperties) = preSolution
		HideSolutionNode = FALSE
	EndGlobalSection
	GlobalSection(ExtensibilityGlobals) = postSolution
		SolutionGuid = {152BFC8C-349B-4AE0-8928-F8B3766CC5E1}
	EndGlobalSection
EndGlobal
